schema = 1
profile = "shared"
pack = []
overlay = []
override = []

[core]
id = "agent-constitution"
repo = "https://github.com/BernardUriza/agent-constitution.git"
rev = "9b3e5213a89dd76305ade6973051ac15c9e265b9"
tree = "sha256:1e9eba5b6569276506141042501df3ff17db27308a6791c301298d9d5bb33bb1"

[repo]
id = "discord-bot"
surfaces = ["CLAUDE.md", ".claude/CLAUDE.md", ".claude/rules/**", ".claude/overrides/**"]
imports = [
  { from = ".claude/rules/sibling-personas.md", target = "mention-only).", sha256 = "0000000000000000000000000000000000000000000000000000000000000000" },
  { from = ".claude/rules/testing.md", target = "mention", sha256 = "0000000000000000000000000000000000000000000000000000000000000000" },
]
surfaces_tree = "sha256:b8c4e4a64c2ce83fe2a0ac31b993f0b2da425179dce71086ac67bfb6d281bee8"

[hooks]
entries = [
  { id = "always-on-invariants", from = "core", event = "PreToolUse", matcher = "Write|Edit|Bash" },
  { id = "currency-field-formatter", from = "core", event = "PreToolUse", matcher = "mcp__chrome-devtools__fill|mcp__chrome-devtools__fill_form" },
  { id = "never-print-secret-bearing-file", from = "core", event = "PreToolUse", matcher = "Bash" },
  { id = "new-rule-requires-owner-search", from = "core", event = "PreToolUse", matcher = "Write|Edit|Bash" },
]
tree = "sha256:fc4c4f53208b5f8451ca4317f3539cddcb6940a86cf29280b4cf17689c0a9cb4"

[resolution]
gates = ["core"]
policy = ["repo", "core"]
methodology = []

[lock]
canonical_sha256 = "d0874a2618616c97290d84b1a70aae6b4675083d5b9dd3b8c786ec583eedeeaf"
