schema = 1
profile = "personal"
pack = []
override = []

[core]
id = "agent-constitution"
repo = "https://github.com/BernardUriza/agent-constitution.git"
rev = "4b783303efbde1a83eea602f30ba5d5d942bba73"
tree = "sha256:586ffd222f887c29106d9d4d3a44a5cb47884b4201b9813e312cce13a4752fcc"

[repo]
id = "aire-server"
surfaces = ["CLAUDE.md", ".claude/CLAUDE.md", ".claude/rules/**", ".claude/overrides/**"]
imports = []
surfaces_tree = "sha256:dcaf90f3a598cbc1a5516b4f1e81c37caf7444ca74ab846d8aabd2cf7f2ad91c"

[hooks]
entries = [
  { id = "always-on-invariants", from = "core", event = "PreToolUse", matcher = "Write|Edit|Bash" },
  { id = "currency-field-formatter", from = "core", event = "PreToolUse", matcher = "mcp__chrome-devtools__fill|mcp__chrome-devtools__fill_form" },
  { id = "never-print-secret-bearing-file", from = "core", event = "PreToolUse", matcher = "Bash" },
  { id = "new-rule-requires-owner-search", from = "core", event = "PreToolUse", matcher = "Write|Edit|Bash" },
]
tree = "sha256:fc4c4f53208b5f8451ca4317f3539cddcb6940a86cf29280b4cf17689c0a9cb4"

[resolution]
gates = ["core", "bernard"]
policy = ["repo", "bernard", "core"]
methodology = []

[lock]
canonical_sha256 = "d8e79f1a023a6abc3d092840edd6a935873377abba9b8394f6316f72d8bf63f4"

[[overlay]]
id = "bernard"
layer = "personal"
scope = "machine-only"
repo = "https://github.com/BernardUriza/constitution-bernard.git"
rev = "eb2574ac5b077dbdce4bf82b241abd04b7115361"
tree = "sha256:45650211c213004e52fdcbf2aee398c0c137eed3903e8027095713e12f87494e"
