schema = 1
profile = "personal"
pack = []
override = []

[core]
id = "agent-constitution"
repo = "https://github.com/BernardUriza/agent-constitution.git"
rev = "e8afc695313a0d2199898efd6f0a9d54f4840027"
tree = "sha256:417310deb9985f96b536d06f4f333278e6cf7218fda9176991a7e02b721e8952"

[repo]
id = "aire-server"
surfaces = ["CLAUDE.md", ".claude/CLAUDE.md", ".claude/rules/**", ".claude/overrides/**"]
imports = []
surfaces_tree = "sha256:dcaf90f3a598cbc1a5516b4f1e81c37caf7444ca74ab846d8aabd2cf7f2ad91c"

[hooks]
entries = [
  { id = "always-on-invariants", from = "core", event = "PreToolUse", matcher = "Write|Edit|Bash" },
  { id = "currency-field-formatter", from = "core", event = "PreToolUse", matcher = "mcp__chrome-devtools__fill|mcp__chrome-devtools__fill_form" },
  { id = "never-print-secret-bearing-file", from = "core", event = "PreToolUse", matcher = "Bash" },
  { id = "new-rule-requires-owner-search", from = "core", event = "PreToolUse", matcher = "Write|Edit|Bash" },
]
tree = "sha256:fc4c4f53208b5f8451ca4317f3539cddcb6940a86cf29280b4cf17689c0a9cb4"

[resolution]
gates = ["core", "bernard"]
policy = ["repo", "bernard", "core"]
methodology = []

[lock]
canonical_sha256 = "790e2daea42166d7372264f15c1a39522c209b28b297bc3d92d3fd502d2a8e70"

[[overlay]]
id = "bernard"
layer = "personal"
scope = "machine-only"
repo = "https://github.com/BernardUriza/constitution-bernard.git"
rev = "58c84bf8e316c40ceea5cb6b37a490894791843f"
tree = "sha256:a0ea740948378dca9dc6f292949fe03e6d28cc419a54c6ba8d5d386e50c88455"
