schema = 1
profile = "personal"
pack = []
override = []

[core]
id = "agent-constitution"
repo = "https://github.com/BernardUriza/agent-constitution.git"
rev = "9b3e5213a89dd76305ade6973051ac15c9e265b9"
tree = "sha256:1e9eba5b6569276506141042501df3ff17db27308a6791c301298d9d5bb33bb1"

[repo]
id = "aire-server"
surfaces = ["CLAUDE.md", ".claude/CLAUDE.md", ".claude/rules/**", ".claude/overrides/**"]
imports = []
surfaces_tree = "sha256:dcaf90f3a598cbc1a5516b4f1e81c37caf7444ca74ab846d8aabd2cf7f2ad91c"

[hooks]
entries = [
  { id = "always-on-invariants", from = "core", event = "PreToolUse", matcher = "Write|Edit|Bash" },
  { id = "currency-field-formatter", from = "core", event = "PreToolUse", matcher = "mcp__chrome-devtools__fill|mcp__chrome-devtools__fill_form" },
  { id = "never-print-secret-bearing-file", from = "core", event = "PreToolUse", matcher = "Bash" },
  { id = "new-rule-requires-owner-search", from = "core", event = "PreToolUse", matcher = "Write|Edit|Bash" },
]
tree = "sha256:fc4c4f53208b5f8451ca4317f3539cddcb6940a86cf29280b4cf17689c0a9cb4"

[resolution]
gates = ["core", "bernard"]
policy = ["repo", "bernard", "core"]
methodology = []

[lock]
canonical_sha256 = "6d6851acc154079e10b767eed934d97f46c4330e6711d9816a47e21cdbf70a39"

[[overlay]]
id = "bernard"
layer = "personal"
scope = "machine-only"
repo = "https://github.com/BernardUriza/constitution-bernard.git"
rev = "3f40a59064f5ca16b52b6a0cf5329d4b539fd0f8"
tree = "sha256:1bc16c81cf67e5dfee0ba3793282ad9435376f9777e21096fb8773b86b59edd5"
