schema = 1
profile = "personal"
pack = []
override = []

[core]
id = "agent-constitution"
repo = "https://github.com/BernardUriza/agent-constitution.git"
rev = "38ba1cf9afbd2c63dbf6b9061573572fa4bb5fc9"
tree = "sha256:586ffd222f887c29106d9d4d3a44a5cb47884b4201b9813e312cce13a4752fcc"

[repo]
id = "aire-server"
surfaces = ["CLAUDE.md", ".claude/CLAUDE.md", ".claude/rules/**", ".claude/overrides/**"]
imports = []
surfaces_tree = "sha256:dcaf90f3a598cbc1a5516b4f1e81c37caf7444ca74ab846d8aabd2cf7f2ad91c"

[hooks]
entries = [
  { id = "always-on-invariants", from = "core", event = "PreToolUse", matcher = "Write|Edit|Bash" },
  { id = "currency-field-formatter", from = "core", event = "PreToolUse", matcher = "mcp__chrome-devtools__fill|mcp__chrome-devtools__fill_form" },
  { id = "never-print-secret-bearing-file", from = "core", event = "PreToolUse", matcher = "Bash" },
  { id = "new-rule-requires-owner-search", from = "core", event = "PreToolUse", matcher = "Write|Edit|Bash" },
]
tree = "sha256:fc4c4f53208b5f8451ca4317f3539cddcb6940a86cf29280b4cf17689c0a9cb4"

[resolution]
gates = ["core", "bernard"]
policy = ["repo", "bernard", "core"]
methodology = []

[lock]
canonical_sha256 = "68d5a8fd534e424d5f6383472ab0d3cc6cdbc1d6c1d8fe7eccbb7a0cc63bfadc"

[[overlay]]
id = "bernard"
layer = "personal"
scope = "machine-only"
repo = "https://github.com/BernardUriza/constitution-bernard.git"
rev = "19706ded90147896eae21fd8807eb242f36f36cf"
tree = "sha256:5e8f7062696fbee852bb19ade23491fafdb29e564a05f8d507d9054ed529ce77"
